
Microsoft Visual Studio Solution File, Format Version 12.00
# Visual Studio Version 17
VisualStudioVersion = 17.0.31912.275
MinimumVisualStudioVersion = 10.0.40219.1
Project("{FAE04EC0-301F-11D3-BF4B-00C04F79EFBC}") = "BlazorDashboard", "BlazorDashboard\BlazorDashboard.csproj", "{F9189F21-A23E-45CC-8AFF-68D8C8E17574}"
EndProject
Global
	GlobalSection(SolutionConfigurationPlatforms) = preSolution
		Debug|Any CPU = Debug|Any CPU
		Release|Any CPU = Release|Any CPU
	EndGlobalSection
	GlobalSection(ProjectConfigurationPlatforms) = postSolution
		{F9189F21-A23E-45CC-8AFF-68D8C8E17574}.Debug|Any CPU.ActiveCfg = Debug|Any CPU
		{F9189F21-A23E-45CC-8AFF-68D8C8E17574}.Debug|Any CPU.Build.0 = Debug|Any CPU
		{F9189F21-A23E-45CC-8AFF-68D8C8E17574}.Release|Any CPU.ActiveCfg = Release|Any CPU
		{F9189F21-A23E-45CC-8AFF-68D8C8E17574}.Release|Any CPU.Build.0 = Release|Any CPU
	EndGlobalSection
	GlobalSection(SolutionProperties) = preSolution
		HideSolutionNode = FALSE
	EndGlobalSection
	GlobalSection(ExtensibilityGlobals) = postSolution
		SolutionGuid = {28A40A68-FE94-486B-9B55-DDEE68238833}
	EndGlobalSection
EndGlobal
